<?xml version="1.0" encoding="utf-8"?>
<Project ToolsVersion="4.0" xmlns="http://schemas.microsoft.com/developer/msbuild/2003">
  <ItemGroup>
    <Filter Include="헤더 파일">
      <UniqueIdentifier>{93995380-89BD-4b04-88EB-625FBE52EBFB}</UniqueIdentifier>
      <Extensions>h;hh;hpp;hxx;hm;inl;inc;ipp;xsd</Extensions>
    </Filter>
    <Filter Include="리소스 파일">
      <UniqueIdentifier>{67DA6AB6-F800-4c08-8B7A-83BB121AAD01}</UniqueIdentifier>
      <Extensions>rc;ico;cur;bmp;dlg;rc2;rct;bin;rgs;gif;jpg;jpeg;jpe;resx;tiff;tif;png;wav;mfcribbon-ms</Extensions>
    </Filter>
    <Filter Include="Framework">
      <UniqueIdentifier>{35e3e648-b912-43be-8589-79db3819a865}</UniqueIdentifier>
    </Filter>
    <Filter Include="MainGame">
      <UniqueIdentifier>{ce38c8ff-4134-4a8d-8e5f-385c95d73302}</UniqueIdentifier>
    </Filter>
    <Filter Include="MainGame\Object">
      <UniqueIdentifier>{a1e38da1-9017-434c-806f-40ceaaef79c1}</UniqueIdentifier>
    </Filter>
    <Filter Include="MainGame\Scene">
      <UniqueIdentifier>{18dcbaef-f43f-46f9-974b-3ec65a15a637}</UniqueIdentifier>
    </Filter>
    <Filter Include="MainGame\Object\Item">
      <UniqueIdentifier>{e6d51275-99f9-4395-acdf-8969d0a05a37}</UniqueIdentifier>
    </Filter>
    <Filter Include="MainGame\Object\Effect">
      <UniqueIdentifier>{2e48b76a-dad6-45a8-a022-14ed06f0fc6f}</UniqueIdentifier>
    </Filter>
    <Filter Include="MainGame\UI">
      <UniqueIdentifier>{da73f517-364b-4421-bc02-a1e0d7ece762}</UniqueIdentifier>
    </Filter>
    <Filter Include="Framework\Figure">
      <UniqueIdentifier>{723c8272-fa69-473f-9346-b3d4c9b4cda5}</UniqueIdentifier>
    </Filter>
    <Filter Include="Framework\GameObject">
      <UniqueIdentifier>{225d969b-4df3-4fe9-84eb-0e95c095d0f5}</UniqueIdentifier>
    </Filter>
    <Filter Include="Framework\Animation">
      <UniqueIdentifier>{7d6cfbd4-a803-4db8-b67f-50e1600829b9}</UniqueIdentifier>
    </Filter>
    <Filter Include="Framework\Camera">
      <UniqueIdentifier>{26a3b291-46b4-44c8-8d6a-1ae87d253c3e}</UniqueIdentifier>
    </Filter>
    <Filter Include="Framework\GameEvent">
      <UniqueIdentifier>{dc285809-f6a4-4b0b-89f9-83f7f8bfa354}</UniqueIdentifier>
    </Filter>
    <Filter Include="Framework\Input">
      <UniqueIdentifier>{62682231-f0c6-4f1f-b396-e3a4e8c54792}</UniqueIdentifier>
    </Filter>
    <Filter Include="Framework\Image">
      <UniqueIdentifier>{b83288d9-b807-44b7-b7e1-dcc1d114d16a}</UniqueIdentifier>
    </Filter>
    <Filter Include="Framework\Math">
      <UniqueIdentifier>{720e58c9-ceec-48ba-b92b-dee1aa8ba1eb}</UniqueIdentifier>
    </Filter>
    <Filter Include="Framework\ObjectManager">
      <UniqueIdentifier>{043d6f56-c4fe-4ae2-945d-3303b289c93c}</UniqueIdentifier>
    </Filter>
    <Filter Include="Framework\Scene">
      <UniqueIdentifier>{358068c3-5fb5-43df-9811-ae8672cf036b}</UniqueIdentifier>
    </Filter>
    <Filter Include="Framework\Random">
      <UniqueIdentifier>{c34829a1-5ded-47ba-98c8-4b4c3a44cd2a}</UniqueIdentifier>
    </Filter>
    <Filter Include="Framework\Time">
      <UniqueIdentifier>{f242cc04-6896-4910-b734-accd1ec53eab}</UniqueIdentifier>
    </Filter>
    <Filter Include="Framework\SoundManager">
      <UniqueIdentifier>{7f66de29-675b-4b0c-9640-34d3ab885823}</UniqueIdentifier>
    </Filter>
    <Filter Include="MainGame\Object\Unit">
      <UniqueIdentifier>{16977e05-987b-4d22-a602-2112979bcb34}</UniqueIdentifier>
    </Filter>
    <Filter Include="MainGame\Object\Unit\Enemy">
      <UniqueIdentifier>{d86582af-18f8-45bc-9236-5c25f0a7082f}</UniqueIdentifier>
    </Filter>
    <Filter Include="MainGame\Object\Unit\Enemy\Sableye">
      <UniqueIdentifier>{89315e1b-212e-41af-9a19-c15b88adcd3d}</UniqueIdentifier>
    </Filter>
    <Filter Include="MainGame\Object\Unit\Player">
      <UniqueIdentifier>{8ecce340-2cd4-4f92-b178-9c30c4da888d}</UniqueIdentifier>
    </Filter>
    <Filter Include="MainGame\Scene\Scene1">
      <UniqueIdentifier>{6dfac4f5-fb19-44e0-be86-a02af50030d2}</UniqueIdentifier>
    </Filter>
    <Filter Include="MainGame\Scene\Scene2">
      <UniqueIdentifier>{58d43f4c-f38e-4e90-8574-eed6a4ba6669}</UniqueIdentifier>
    </Filter>
    <Filter Include="MainGame\Scene\Scene3">
      <UniqueIdentifier>{00a6dd87-9bdb-40a2-94ef-bc9d5fad7bdc}</UniqueIdentifier>
    </Filter>
    <Filter Include="MainGame\Scene\Scene4">
      <UniqueIdentifier>{f21fbff4-7488-4660-ad35-df0c856e45d8}</UniqueIdentifier>
    </Filter>
    <Filter Include="MainGame\Object\Unit\Train">
      <UniqueIdentifier>{265683f0-bda7-4a75-b0bb-975a3479a146}</UniqueIdentifier>
    </Filter>
    <Filter Include="MainGame\Scene\MapToolScene">
      <UniqueIdentifier>{85c0b620-96f0-4063-8591-16441c3b6ba7}</UniqueIdentifier>
    </Filter>
    <Filter Include="MainGame\Object\MapObject">
      <UniqueIdentifier>{58872083-43ef-43f7-8a2d-fa92a33667de}</UniqueIdentifier>
    </Filter>
    <Filter Include="MainGame\MapRelated">
      <UniqueIdentifier>{050f3681-9e12-484a-8ee1-63846a60eb49}</UniqueIdentifier>
    </Filter>
    <Filter Include="Framework\Button">
      <UniqueIdentifier>{475ab4c2-251a-42e7-82e2-861c52d48935}</UniqueIdentifier>
    </Filter>
    <Filter Include="Framework\Gizmo">
      <UniqueIdentifier>{f7b6a60f-ea0f-41d7-a495-b76bb0e2f6e8}</UniqueIdentifier>
    </Filter>
    <Filter Include="MainGame\Object\Unit\Train">
      <UniqueIdentifier>{b072fc35-668d-47f1-b132-98723f7e6e6c}</UniqueIdentifier>
    </Filter>
    <Filter Include="Framework\CollisionManager">
      <UniqueIdentifier>{d921f520-b4fb-42ef-879a-bf826c3ad826}</UniqueIdentifier>
    </Filter>
    <Filter Include="MainGame\Object\Trail">
      <UniqueIdentifier>{6469547d-4343-40ea-a1d7-c9f57deed5a3}</UniqueIdentifier>
    </Filter>
    <Filter Include="Framework\StringHelper">
      <UniqueIdentifier>{f9da4a57-0601-4804-8a3b-bcb52c90b1fe}</UniqueIdentifier>
    </Filter>
    <Filter Include="Framework\Path">
      <UniqueIdentifier>{a9fcc723-4467-479e-91d1-6b81e40cd708}</UniqueIdentifier>
    </Filter>
    <Filter Include="MainGame\Scene\Scene6">
      <UniqueIdentifier>{16c0818b-f8ed-4820-98ba-43aa3b7ecd4a}</UniqueIdentifier>
    </Filter>
    <Filter Include="MainGame\Scene\Menu">
      <UniqueIdentifier>{4eb80d5b-aa25-4219-be92-7b6f48ca6048}</UniqueIdentifier>
    </Filter>
    <Filter Include="Framework\PathFinder">
      <UniqueIdentifier>{903fd37e-54cd-43e3-96ff-8a6ec1db7c79}</UniqueIdentifier>
    </Filter>
    <Filter Include="MainGame\UI\Bag">
      <UniqueIdentifier>{768e5789-d007-4e05-8995-b74f1add1c42}</UniqueIdentifier>
    </Filter>
    <Filter Include="MainGame\UI\BagItem">
      <UniqueIdentifier>{f34cd2c3-39f9-4ed2-bc8f-84b446be99d1}</UniqueIdentifier>
    </Filter>
    <Filter Include="소스 파일">
      <UniqueIdentifier>{4FC737F1-C7A5-4376-A066-2A32D752A2FF}</UniqueIdentifier>
      <Extensions>cpp;c;cc;cxx;def;odl;idl;hpj;bat;asm;asmx</Extensions>
    </Filter>
  </ItemGroup>
  <ItemGroup>
    <ClInclude Include="framework.h">
      <Filter>헤더 파일</Filter>
    </ClInclude>
    <ClInclude Include="targetver.h">
      <Filter>헤더 파일</Filter>
    </ClInclude>
    <ClInclude Include="Resource.h">
      <Filter>헤더 파일</Filter>
    </ClInclude>
    <ClInclude Include="Unrailed.h">
      <Filter>헤더 파일</Filter>
    </ClInclude>
    <ClInclude Include="DefineHeader.h">
      <Filter>헤더 파일</Filter>
    </ClInclude>
    <ClInclude Include="Figure.h">
      <Filter>Framework\Figure</Filter>
    </ClInclude>
    <ClInclude Include="pch.h">
      <Filter>헤더 파일</Filter>
    </ClInclude>
    <ClInclude Include="GameObject.h">
      <Filter>Framework\GameObject</Filter>
    </ClInclude>
    <ClInclude Include="Animation.h">
      <Filter>Framework\Animation</Filter>
    </ClInclude>
    <ClInclude Include="Camera.h">
      <Filter>Framework\Camera</Filter>
    </ClInclude>
    <ClInclude Include="CameraManager.h">
      <Filter>Framework\Camera</Filter>
    </ClInclude>
    <ClInclude Include="GameEvent.h">
      <Filter>Framework\GameEvent</Filter>
    </ClInclude>
    <ClInclude Include="GameEventManager.h">
      <Filter>Framework\GameEvent</Filter>
    </ClInclude>
    <ClInclude Include="Input.h">
      <Filter>Framework\Input</Filter>
    </ClInclude>
    <ClInclude Include="Image.h">
      <Filter>Framework\Image</Filter>
    </ClInclude>
    <ClInclude Include="ImageManager.h">
      <Filter>Framework\Image</Filter>
    </ClInclude>
    <ClInclude Include="Math.h">
      <Filter>Framework\Math</Filter>
    </ClInclude>
    <ClInclude Include="ObjectManager.h">
      <Filter>Framework\ObjectManager</Filter>
    </ClInclude>
    <ClInclude Include="Scene.h">
      <Filter>Framework\Scene</Filter>
    </ClInclude>
    <ClInclude Include="SceneManager.h">
      <Filter>Framework\Scene</Filter>
    </ClInclude>
    <ClInclude Include="Random.h">
      <Filter>Framework\Random</Filter>
    </ClInclude>
    <ClInclude Include="Time.h">
      <Filter>Framework\Time</Filter>
    </ClInclude>
    <ClInclude Include="MainGame.h">
      <Filter>MainGame</Filter>
    </ClInclude>
    <ClInclude Include="LoadingScene.h">
      <Filter>Framework\Scene</Filter>
    </ClInclude>
    <ClInclude Include="SoundManager.h">
      <Filter>Framework\SoundManager</Filter>
    </ClInclude>
    <ClInclude Include="Enemy.h">
      <Filter>MainGame\Object\Unit\Enemy</Filter>
    </ClInclude>
    <ClInclude Include="Unit.h">
      <Filter>MainGame\Object\Unit</Filter>
    </ClInclude>
    <ClInclude Include="Scene1.h">
      <Filter>MainGame\Scene\Scene1</Filter>
    </ClInclude>
    <ClInclude Include="Scene2.h">
      <Filter>MainGame\Scene\Scene2</Filter>
    </ClInclude>
    <ClInclude Include="Scene3.h">
      <Filter>MainGame\Scene\Scene3</Filter>
    </ClInclude>
    <ClInclude Include="Scene4.h">
      <Filter>MainGame\Scene\Scene4</Filter>
    </ClInclude>
    <ClInclude Include="Sableye.h">
      <Filter>MainGame\Object\Unit\Enemy\Sableye</Filter>
    </ClInclude>
    <ClInclude Include="MapToolScene.h">
      <Filter>MainGame\Scene\MapToolScene</Filter>
    </ClInclude>
    <ClInclude Include="MapObject.h">
      <Filter>MainGame\Object\MapObject</Filter>
    </ClInclude>
    <ClInclude Include="ICommand.h">
      <Filter>MainGame\MapRelated</Filter>
    </ClInclude>
    <ClInclude Include="Tile.h">
      <Filter>MainGame\MapRelated</Filter>
    </ClInclude>
    <ClInclude Include="TileMap.h">
      <Filter>MainGame\MapRelated</Filter>
    </ClInclude>
    <ClInclude Include="Button.h">
      <Filter>Framework\Button</Filter>
    </ClInclude>
    <ClInclude Include="Gizmo.h">
      <Filter>Framework\Gizmo</Filter>
    </ClInclude>
    <ClInclude Include="Player.h">
      <Filter>MainGame\Object\Unit\Player</Filter>
    </ClInclude>
    <ClInclude Include="Abra.h">
      <Filter>MainGame\Object\Unit\Train</Filter>
    </ClInclude>
    <ClInclude Include="Machop.h">
      <Filter>MainGame\Object\Unit\Train</Filter>
    </ClInclude>
    <ClInclude Include="Voltorb.h">
      <Filter>MainGame\Object\Unit\Train</Filter>
    </ClInclude>
    <ClInclude Include="Train.h">
      <Filter>MainGame\Object\Unit\Train</Filter>
    </ClInclude>
    <ClInclude Include="Train.h">
      <Filter>MainGame\Object\Unit\Train</Filter>
    </ClInclude>
    <ClInclude Include="Voltorb.h">
      <Filter>MainGame\Object\Unit\Train</Filter>
    </ClInclude>
    <ClInclude Include="CollisionManager.h">
      <Filter>Framework\CollisionManager</Filter>
    </ClInclude>
    <ClInclude Include="Ore.h">
      <Filter>MainGame\Object\Item</Filter>
    </ClInclude>
    <ClInclude Include="Trail.h">
      <Filter>MainGame\Object\Trail</Filter>
    </ClInclude>
    <ClInclude Include="TrailManager.h">
      <Filter>MainGame\Object\Trail</Filter>
    </ClInclude>
    <ClInclude Include="StringHelper.h">
      <Filter>Framework\StringHelper</Filter>
    </ClInclude>
    <ClInclude Include="Path.h">
      <Filter>Framework\Path</Filter>
    </ClInclude>
    <ClInclude Include="Scene6.h">
      <Filter>MainGame\Scene\Scene6</Filter>
    </ClInclude>
    <ClInclude Include="MainScene.h">
      <Filter>MainGame\Scene\Menu</Filter>
    </ClInclude>
    <ClInclude Include="FileSystemHelper.h">
      <Filter>Framework</Filter>
    </ClInclude>
    <ClInclude Include="MapToolReady.h">
      <Filter>MainGame\Scene\MapToolScene</Filter>
    </ClInclude>
    <ClInclude Include="PathFinder.h">
      <Filter>Framework\PathFinder</Filter>
    </ClInclude>
    <ClInclude Include="Struct.h">
      <Filter>헤더 파일</Filter>
    </ClInclude>
    <ClInclude Include="Electrode.h">
      <Filter>MainGame\Object\Unit\Train</Filter>
    </ClInclude>
    <ClInclude Include="UI.h">
      <Filter>MainGame\UI</Filter>
    </ClInclude>
    <ClInclude Include="BagItem.h">
      <Filter>MainGame\UI\BagItem</Filter>
    </ClInclude>
    <ClInclude Include="Bag.h">
      <Filter>MainGame\UI\Bag</Filter>
    </ClInclude>
  </ItemGroup>
  <ItemGroup>
    <ClCompile Include="Unrailed.cpp">
      <Filter>소스 파일</Filter>
    </ClCompile>
    <ClCompile Include="pch.cpp">
      <Filter>소스 파일</Filter>
    </ClCompile>
    <ClCompile Include="GameObject.cpp">
      <Filter>Framework\GameObject</Filter>
    </ClCompile>
    <ClCompile Include="Animation.cpp">
      <Filter>Framework\Animation</Filter>
    </ClCompile>
    <ClCompile Include="Camera.cpp">
      <Filter>Framework\Camera</Filter>
    </ClCompile>
    <ClCompile Include="CameraManager.cpp">
      <Filter>Framework\Camera</Filter>
    </ClCompile>
    <ClCompile Include="GameEvent.cpp">
      <Filter>Framework\GameEvent</Filter>
    </ClCompile>
    <ClCompile Include="GameEventManager.cpp">
      <Filter>Framework\GameEvent</Filter>
    </ClCompile>
    <ClCompile Include="Input.cpp">
      <Filter>Framework\Input</Filter>
    </ClCompile>
    <ClCompile Include="Image.cpp">
      <Filter>Framework\Image</Filter>
    </ClCompile>
    <ClCompile Include="ImageManager.cpp">
      <Filter>Framework\Image</Filter>
    </ClCompile>
    <ClCompile Include="Math.cpp">
      <Filter>Framework\Math</Filter>
    </ClCompile>
    <ClCompile Include="ObjectManager.cpp">
      <Filter>Framework\ObjectManager</Filter>
    </ClCompile>
    <ClCompile Include="Scene.cpp">
      <Filter>Framework\Scene</Filter>
    </ClCompile>
    <ClCompile Include="SceneManager.cpp">
      <Filter>Framework\Scene</Filter>
    </ClCompile>
    <ClCompile Include="Random.cpp">
      <Filter>Framework\Random</Filter>
    </ClCompile>
    <ClCompile Include="Time.cpp">
      <Filter>Framework\Time</Filter>
    </ClCompile>
    <ClCompile Include="MainGame + MainProc.cpp">
      <Filter>MainGame</Filter>
    </ClCompile>
    <ClCompile Include="MainGame.cpp">
      <Filter>MainGame</Filter>
    </ClCompile>
    <ClCompile Include="LoadingScene.cpp">
      <Filter>Framework\Scene</Filter>
    </ClCompile>
    <ClCompile Include="SoundManager.cpp">
      <Filter>Framework\SoundManager</Filter>
    </ClCompile>
    <ClCompile Include="Enemy.cpp">
      <Filter>MainGame\Object\Unit\Enemy</Filter>
    </ClCompile>
    <ClCompile Include="Unit.cpp">
      <Filter>MainGame\Object\Unit</Filter>
    </ClCompile>
    <ClCompile Include="Scene1.cpp">
      <Filter>MainGame\Scene\Scene1</Filter>
    </ClCompile>
    <ClCompile Include="Scene2.cpp">
      <Filter>MainGame\Scene\Scene2</Filter>
    </ClCompile>
    <ClCompile Include="Scene3.cpp">
      <Filter>MainGame\Scene\Scene3</Filter>
    </ClCompile>
    <ClCompile Include="Scene4.cpp">
      <Filter>MainGame\Scene\Scene4</Filter>
    </ClCompile>
    <ClCompile Include="Sableye.cpp">
      <Filter>MainGame\Object\Unit\Enemy\Sableye</Filter>
    </ClCompile>
    <ClCompile Include="MapToolScene.cpp">
      <Filter>MainGame\Scene\MapToolScene</Filter>
    </ClCompile>
    <ClCompile Include="MapObject.cpp">
      <Filter>MainGame\Object\MapObject</Filter>
    </ClCompile>
    <ClCompile Include="ICommand.cpp">
      <Filter>MainGame\MapRelated</Filter>
    </ClCompile>
    <ClCompile Include="Tile.cpp">
      <Filter>MainGame\MapRelated</Filter>
    </ClCompile>
    <ClCompile Include="TileMap.cpp">
      <Filter>MainGame\MapRelated</Filter>
    </ClCompile>
    <ClCompile Include="Button.cpp">
      <Filter>Framework\Button</Filter>
    </ClCompile>
    <ClCompile Include="Gizmo.cpp">
      <Filter>Framework\Gizmo</Filter>
    </ClCompile>
    <ClCompile Include="Player.cpp">
      <Filter>MainGame\Object\Unit\Player</Filter>
    </ClCompile>
    <ClCompile Include="Train.cpp">
      <Filter>MainGame\Object\Unit\Train</Filter>
    </ClCompile>
    <ClCompile Include="Machop.cpp">
      <Filter>MainGame\Object\Unit\Train</Filter>
    </ClCompile>
    <ClCompile Include="Voltorb.cpp">
      <Filter>MainGame\Object\Unit\Train</Filter>
    </ClCompile>
    <ClCompile Include="Train.cpp">
      <Filter>MainGame\Object\Unit\Train</Filter>
    </ClCompile>
    <ClCompile Include="Abra.cpp">
      <Filter>MainGame\Object\Unit\Train</Filter>
    </ClCompile>
    <ClCompile Include="Voltorb.cpp">
      <Filter>MainGame\Object\Unit\Train</Filter>
    </ClCompile>
    <ClCompile Include="CollisionManager.cpp">
      <Filter>Framework\CollisionManager</Filter>
    </ClCompile>
    <ClCompile Include="Ore.cpp">
      <Filter>MainGame\Object\Item</Filter>
    </ClCompile>
    <ClCompile Include="Trail.cpp">
      <Filter>MainGame\Object\Trail</Filter>
    </ClCompile>
    <ClCompile Include="TrailManager.cpp">
      <Filter>MainGame\Object\Trail</Filter>
    </ClCompile>
    <ClCompile Include="StringHelper.cpp">
      <Filter>Framework\StringHelper</Filter>
    </ClCompile>
    <ClCompile Include="Path.cpp">
      <Filter>Framework\Path</Filter>
    </ClCompile>
    <ClCompile Include="Scene6.cpp">
      <Filter>MainGame\Scene\Scene6</Filter>
    </ClCompile>
    <ClCompile Include="Abra.cpp">
      <Filter>MainGame\Object\Unit\Train</Filter>
    </ClCompile>
    <ClCompile Include="MainScene.cpp">
      <Filter>MainGame\Scene\Menu</Filter>
    </ClCompile>
    <ClCompile Include="FileSystemHelper.cpp">
      <Filter>Framework</Filter>
    </ClCompile>
    <ClCompile Include="MapToolReady.cpp">
      <Filter>MainGame\Scene\MapToolScene</Filter>
    </ClCompile>
    <ClCompile Include="PathFinder.cpp">
      <Filter>Framework\PathFinder</Filter>
    </ClCompile>
    <ClCompile Include="Electrode.cpp">
      <Filter>MainGame\Object\Unit\Train</Filter>
    </ClCompile>
    <ClCompile Include="UI.cpp">
      <Filter>MainGame\UI</Filter>
    </ClCompile>
    <ClCompile Include="BagItem.cpp">
      <Filter>MainGame\UI\BagItem</Filter>
    </ClCompile>
    <ClCompile Include="Bag.cpp">
      <Filter>MainGame\UI\Bag</Filter>
    </ClCompile>
  </ItemGroup>
  <ItemGroup>
    <ResourceCompile Include="Unrailed.rc">
      <Filter>리소스 파일</Filter>
    </ResourceCompile>
  </ItemGroup>
  <ItemGroup>
    <Image Include="small.ico">
      <Filter>리소스 파일</Filter>
    </Image>
    <Image Include="..\Resources\Icon\Unrailed.ico">
      <Filter>리소스 파일</Filter>
    </Image>
    <Image Include="..\Resources\Icon\Unrailed2.ico">
      <Filter>리소스 파일</Filter>
    </Image>
    <Image Include="Unrailed.ico">
      <Filter>리소스 파일</Filter>
    </Image>
  </ItemGroup>
</Project>